
Microsoft Visual Studio Solution File, Format Version 11.00
# Visual Studio 2010
Project("{8BC9CEB8-8B4A-11D0-8D11-00A0C91BC942}") = "Task2_z_4", "Task2_z_4\Task2_z_4.vcxproj", "{8CA168F5-B0E6-47DA-93F7-6F26698AA31B}"
EndProject
Global
	GlobalSection(SolutionConfigurationPlatforms) = preSolution
		Debug|Win32 = Debug|Win32
		Release|Win32 = Release|Win32
	EndGlobalSection
	GlobalSection(ProjectConfigurationPlatforms) = postSolution
		{8CA168F5-B0E6-47DA-93F7-6F26698AA31B}.Debug|Win32.ActiveCfg = Debug|Win32
		{8CA168F5-B0E6-47DA-93F7-6F26698AA31B}.Debug|Win32.Build.0 = Debug|Win32
		{8CA168F5-B0E6-47DA-93F7-6F26698AA31B}.Release|Win32.ActiveCfg = Release|Win32
		{8CA168F5-B0E6-47DA-93F7-6F26698AA31B}.Release|Win32.Build.0 = Release|Win32
	EndGlobalSection
	GlobalSection(SolutionProperties) = preSolution
		HideSolutionNode = FALSE
	EndGlobalSection
EndGlobal
